
Microsoft Visual Studio Solution File, Format Version 12.00
# Visual Studio 15
Project("{FAE04EC0-301F-11D3-BF4B-00C04F79EFBC}") = "Assembly-CSharp", "Assembly-CSharp.csproj", "{FCD0EEC0-FC3C-F85F-7115-FD53AEA95637}"
EndProject
Global
	GlobalSection(SolutionConfigurationPlatforms) = preSolution
		Debug|Any CPU = Debug|Any CPU
		Release|Any CPU = Release|Any CPU
	EndGlobalSection
	GlobalSection(ProjectConfigurationPlatforms) = postSolution
		{FCD0EEC0-FC3C-F85F-7115-FD53AEA95637}.Debug|Any CPU.ActiveCfg = Debug|Any CPU
		{FCD0EEC0-FC3C-F85F-7115-FD53AEA95637}.Debug|Any CPU.Build.0 = Debug|Any CPU
		{FCD0EEC0-FC3C-F85F-7115-FD53AEA95637}.Release|Any CPU.ActiveCfg = Release|Any CPU
		{FCD0EEC0-FC3C-F85F-7115-FD53AEA95637}.Release|Any CPU.Build.0 = Release|Any CPU
	EndGlobalSection
	GlobalSection(SolutionProperties) = preSolution
		HideSolutionNode = FALSE
	EndGlobalSection
EndGlobal
